
Microsoft Visual Studio Solution File, Format Version 12.00
# Visual Studio Version 17
VisualStudioVersion = 17.13.35931.197 d17.13
MinimumVisualStudioVersion = 10.0.40219.1
Project("{FAE04EC0-301F-11D3-BF4B-00C04F79EFBC}") = "ArrayDaysWeek", "ArrayDaysWeek.csproj", "{90CC660D-6DE5-4D2E-A2AF-A125DD9D790D}"
EndProject
Global
	GlobalSection(SolutionConfigurationPlatforms) = preSolution
		Debug|Any CPU = Debug|Any CPU
		Release|Any CPU = Release|Any CPU
	EndGlobalSection
	GlobalSection(ProjectConfigurationPlatforms) = postSolution
		{90CC660D-6DE5-4D2E-A2AF-A125DD9D790D}.Debug|Any CPU.ActiveCfg = Debug|Any CPU
		{90CC660D-6DE5-4D2E-A2AF-A125DD9D790D}.Debug|Any CPU.Build.0 = Debug|Any CPU
		{90CC660D-6DE5-4D2E-A2AF-A125DD9D790D}.Release|Any CPU.ActiveCfg = Release|Any CPU
		{90CC660D-6DE5-4D2E-A2AF-A125DD9D790D}.Release|Any CPU.Build.0 = Release|Any CPU
	EndGlobalSection
	GlobalSection(SolutionProperties) = preSolution
		HideSolutionNode = FALSE
	EndGlobalSection
	GlobalSection(ExtensibilityGlobals) = postSolution
		SolutionGuid = {ACB99FED-3572-4EFC-A826-160414317B50}
	EndGlobalSection
EndGlobal
